
Microsoft Visual Studio Solution File, Format Version 11.00
# Visual Studio 2010
Project("{FAE04EC0-301F-11D3-BF4B-00C04F79EFBC}") = "聚赚派", "聚赚派\聚赚派.csproj", "{B9C0F0F3-9037-4E24-A409-35BF15562FE4}"
EndProject
Global
	GlobalSection(SolutionConfigurationPlatforms) = preSolution
		Debug|Any CPU = Debug|Any CPU
		Release|Any CPU = Release|Any CPU
	EndGlobalSection
	GlobalSection(ProjectConfigurationPlatforms) = postSolution
		{B9C0F0F3-9037-4E24-A409-35BF15562FE4}.Debug|Any CPU.ActiveCfg = Debug|Any CPU
		{B9C0F0F3-9037-4E24-A409-35BF15562FE4}.Debug|Any CPU.Build.0 = Debug|Any CPU
		{B9C0F0F3-9037-4E24-A409-35BF15562FE4}.Release|Any CPU.ActiveCfg = Release|Any CPU
		{B9C0F0F3-9037-4E24-A409-35BF15562FE4}.Release|Any CPU.Build.0 = Release|Any CPU
	EndGlobalSection
	GlobalSection(SolutionProperties) = preSolution
		HideSolutionNode = FALSE
	EndGlobalSection
EndGlobal
